{
  "name": "inkwell-ai-handwriting",
  "version": "1.0.0",
  "lockfileVersion": 3,
  "requires": true,
  "packages": {
    "": {
      "name": "inkwell-ai-handwriting",
      "version": "1.0.0",
      "license": "MIT",
      "bin": {
        "inkwell": "bin/inkwell.py",
        "inkwell-mcp": "mcp/server.py"
      },
      "engines": {
        "node": ">=20"
      }
    }
  }
}
